// !$*UTF8*$!
{
	archiveVersion = 1;
	classes = {
	};
	objectVersion = 50;
	objects = {

/* Begin PBXBuildFile section */
		7F3C4B760FE7E27A8EE63E13 /* Pods_taipeiCulture.framework in Frameworks */ = {isa = PBXBuildFile; fileRef = 2E560755AF5CF6CF83A6F935 /* Pods_taipeiCulture.framework */; };
		BC1E914C2129435B00C1A482 /* AppDelegate.swift in Sources */ = {isa = PBXBuildFile; fileRef = BC1E914B2129435B00C1A482 /* AppDelegate.swift */; };
		BC1E91512129435B00C1A482 /* Main.storyboard in Resources */ = {isa = PBXBuildFile; fileRef = BC1E914F2129435B00C1A482 /* Main.storyboard */; };
		BC1E91532129436700C1A482 /* Assets.xcassets in Resources */ = {isa = PBXBuildFile; fileRef = BC1E91522129436700C1A482 /* Assets.xcassets */; };
		BC1E91562129436700C1A482 /* LaunchScreen.storyboard in Resources */ = {isa = PBXBuildFile; fileRef = BC1E91542129436700C1A482 /* LaunchScreen.storyboard */; };
		BC1E915E212944AA00C1A482 /* TaipeiCultureTableViewController.swift in Sources */ = {isa = PBXBuildFile; fileRef = BC1E915D212944A900C1A482 /* TaipeiCultureTableViewController.swift */; };
		BC1E91602129518B00C1A482 /* Culture.swift in Sources */ = {isa = PBXBuildFile; fileRef = BC1E915F2129518B00C1A482 /* Culture.swift */; };
		BC1E91622129CBC500C1A482 /* DetailViewController.swift in Sources */ = {isa = PBXBuildFile; fileRef = BC1E91612129CBC500C1A482 /* DetailViewController.swift */; };
		BC7A0271212C475F00378E12 /* SpotViewController.swift in Sources */ = {isa = PBXBuildFile; fileRef = BC7A0270212C475F00378E12 /* SpotViewController.swift */; };
		BC983D72212BE453008C861B /* TaipeiSpotsTableViewController.swift in Sources */ = {isa = PBXBuildFile; fileRef = BC983D71212BE453008C861B /* TaipeiSpotsTableViewController.swift */; };
		BC983D74212BE7A5008C861B /* SpotTableViewCell.swift in Sources */ = {isa = PBXBuildFile; fileRef = BC983D73212BE7A5008C861B /* SpotTableViewCell.swift */; };
		BCD73904212BCFC900FDA8D9 /* Park.swift in Sources */ = {isa = PBXBuildFile; fileRef = BCD73903212BCFC900FDA8D9 /* Park.swift */; };
/* End PBXBuildFile section */

/* Begin PBXFileReference section */
		2E560755AF5CF6CF83A6F935 /* Pods_taipeiCulture.framework */ = {isa = PBXFileReference; explicitFileType = wrapper.framework; includeInIndex = 0; path = Pods_taipeiCulture.framework; sourceTree = BUILT_PRODUCTS_DIR; };
		6590C01D336E50A552526A16 /* Pods-taipeiCulture.release.xcconfig */ = {isa = PBXFileReference; includeInIndex = 1; lastKnownFileType = text.xcconfig; name = "Pods-taipeiCulture.release.xcconfig"; path = "Pods/Target Support Files/Pods-taipeiCulture/Pods-taipeiCulture.release.xcconfig"; sourceTree = "<group>"; };
		A1002D3FEA00B47DFD41FBD6 /* Pods-taipeiCulture.debug.xcconfig */ = {isa = PBXFileReference; includeInIndex = 1; lastKnownFileType = text.xcconfig; name = "Pods-taipeiCulture.debug.xcconfig"; path = "Pods/Target Support Files/Pods-taipeiCulture/Pods-taipeiCulture.debug.xcconfig"; sourceTree = "<group>"; };
		BC1E91482129435B00C1A482 /* taipeiCulture.app */ = {isa = PBXFileReference; explicitFileType = wrapper.application; includeInIndex = 0; path = taipeiCulture.app; sourceTree = BUILT_PRODUCTS_DIR; };
		BC1E914B2129435B00C1A482 /* AppDelegate.swift */ = {isa = PBXFileReference; lastKnownFileType = sourcecode.swift; path = AppDelegate.swift; sourceTree = "<group>"; };
		BC1E91502129435B00C1A482 /* Base */ = {isa = PBXFileReference; lastKnownFileType = file.storyboard; name = Base; path = Base.lproj/Main.storyboard; sourceTree = "<group>"; };
		BC1E91522129436700C1A482 /* Assets.xcassets */ = {isa = PBXFileReference; lastKnownFileType = folder.assetcatalog; path = Assets.xcassets; sourceTree = "<group>"; };
		BC1E91552129436700C1A482 /* Base */ = {isa = PBXFileReference; lastKnownFileType = file.storyboard; name = Base; path = Base.lproj/LaunchScreen.storyboard; sourceTree = "<group>"; };
		BC1E91572129436700C1A482 /* Info.plist */ = {isa = PBXFileReference; lastKnownFileType = text.plist.xml; path = Info.plist; sourceTree = "<group>"; };
		BC1E915D212944A900C1A482 /* TaipeiCultureTableViewController.swift */ = {isa = PBXFileReference; lastKnownFileType = sourcecode.swift; path = TaipeiCultureTableViewController.swift; sourceTree = "<group>"; };
		BC1E915F2129518B00C1A482 /* Culture.swift */ = {isa = PBXFileReference; lastKnownFileType = sourcecode.swift; path = Culture.swift; sourceTree = "<group>"; };
		BC1E91612129CBC500C1A482 /* DetailViewController.swift */ = {isa = PBXFileReference; lastKnownFileType = sourcecode.swift; path = DetailViewController.swift; sourceTree = "<group>"; };
		BC7A0270212C475F00378E12 /* SpotViewController.swift */ = {isa = PBXFileReference; lastKnownFileType = sourcecode.swift; path = SpotViewController.swift; sourceTree = "<group>"; };
		BC983D71212BE453008C861B /* TaipeiSpotsTableViewController.swift */ = {isa = PBXFileReference; lastKnownFileType = sourcecode.swift; path = TaipeiSpotsTableViewController.swift; sourceTree = "<group>"; };
		BC983D73212BE7A5008C861B /* SpotTableViewCell.swift */ = {isa = PBXFileReference; lastKnownFileType = sourcecode.swift; path = SpotTableViewCell.swift; sourceTree = "<group>"; };
		BCD73903212BCFC900FDA8D9 /* Park.swift */ = {isa = PBXFileReference; lastKnownFileType = sourcecode.swift; path = Park.swift; sourceTree = "<group>"; };
/* End PBXFileReference section */

/* Begin PBXFrameworksBuildPhase section */
		BC1E91452129435B00C1A482 /* Frameworks */ = {
			isa = PBXFrameworksBuildPhase;
			buildActionMask = 2147483647;
			files = (
				7F3C4B760FE7E27A8EE63E13 /* Pods_taipeiCulture.framework in Frameworks */,
			);
			runOnlyForDeploymentPostprocessing = 0;
		};
/* End PBXFrameworksBuildPhase section */

/* Begin PBXGroup section */
		14079AEC4A644E5404306744 /* Pods */ = {
			isa = PBXGroup;
			children = (
				A1002D3FEA00B47DFD41FBD6 /* Pods-taipeiCulture.debug.xcconfig */,
				6590C01D336E50A552526A16 /* Pods-taipeiCulture.release.xcconfig */,
			);
			name = Pods;
			sourceTree = "<group>";
		};
		9EF1B278A61F915614439BDF /* Frameworks */ = {
			isa = PBXGroup;
			children = (
				2E560755AF5CF6CF83A6F935 /* Pods_taipeiCulture.framework */,
			);
			name = Frameworks;
			sourceTree = "<group>";
		};
		BC1E913F2129435B00C1A482 = {
			isa = PBXGroup;
			children = (
				BC1E914A2129435B00C1A482 /* taipeiCulture */,
				BC1E91492129435B00C1A482 /* Products */,
				14079AEC4A644E5404306744 /* Pods */,
				9EF1B278A61F915614439BDF /* Frameworks */,
			);
			sourceTree = "<group>";
		};
		BC1E91492129435B00C1A482 /* Products */ = {
			isa = PBXGroup;
			children = (
				BC1E91482129435B00C1A482 /* taipeiCulture.app */,
			);
			name = Products;
			sourceTree = "<group>";
		};
		BC1E914A2129435B00C1A482 /* taipeiCulture */ = {
			isa = PBXGroup;
			children = (
				BC1E915F2129518B00C1A482 /* Culture.swift */,
				BCD73903212BCFC900FDA8D9 /* Park.swift */,
				BC1E914B2129435B00C1A482 /* AppDelegate.swift */,
				BC1E915D212944A900C1A482 /* TaipeiCultureTableViewController.swift */,
				BC1E91612129CBC500C1A482 /* DetailViewController.swift */,
				BC983D71212BE453008C861B /* TaipeiSpotsTableViewController.swift */,
				BC983D73212BE7A5008C861B /* SpotTableViewCell.swift */,
				BC7A0270212C475F00378E12 /* SpotViewController.swift */,
				BC1E914F2129435B00C1A482 /* Main.storyboard */,
				BC1E91522129436700C1A482 /* Assets.xcassets */,
				BC1E91542129436700C1A482 /* LaunchScreen.storyboard */,
				BC1E91572129436700C1A482 /* Info.plist */,
			);
			path = taipeiCulture;
			sourceTree = "<group>";
		};
/* End PBXGroup section */

/* Begin PBXNativeTarget section */
		BC1E91472129435B00C1A482 /* taipeiCulture */ = {
			isa = PBXNativeTarget;
			buildConfigurationList = BC1E915A2129436700C1A482 /* Build configuration list for PBXNativeTarget "taipeiCulture" */;
			buildPhases = (
				322FF77506D9DF9EC8C4DAE5 /* [CP] Check Pods Manifest.lock */,
				BC1E91442129435B00C1A482 /* Sources */,
				BC1E91452129435B00C1A482 /* Frameworks */,
				BC1E91462129435B00C1A482 /* Resources */,
				FC91A3563EB59CBE64AB8B71 /* [CP] Embed Pods Frameworks */,
			);
			buildRules = (
			);
			dependencies = (
			);
			name = taipeiCulture;
			productName = taipeiCulture;
			productReference = BC1E91482129435B00C1A482 /* taipeiCulture.app */;
			productType = "com.apple.product-type.application";
		};
/* End PBXNativeTarget section */

/* Begin PBXProject section */
		BC1E91402129435B00C1A482 /* Project object */ = {
			isa = PBXProject;
			attributes = {
				LastSwiftUpdateCheck = 1000;
				LastUpgradeCheck = 1000;
				ORGANIZATIONNAME = junchoon;
				TargetAttributes = {
					BC1E91472129435B00C1A482 = {
						CreatedOnToolsVersion = 10.0;
					};
				};
			};
			buildConfigurationList = BC1E91432129435B00C1A482 /* Build configuration list for PBXProject "taipeiCulture" */;
			compatibilityVersion = "Xcode 9.3";
			developmentRegion = en;
			hasScannedForEncodings = 0;
			knownRegions = (
				en,
				Base,
			);
			mainGroup = BC1E913F2129435B00C1A482;
			productRefGroup = BC1E91492129435B00C1A482 /* Products */;
			projectDirPath = "";
			projectRoot = "";
			targets = (
				BC1E91472129435B00C1A482 /* taipeiCulture */,
			);
		};
/* End PBXProject section */

/* Begin PBXResourcesBuildPhase section */
		BC1E91462129435B00C1A482 /* Resources */ = {
			isa = PBXResourcesBuildPhase;
			buildActionMask = 2147483647;
			files = (
				BC1E91562129436700C1A482 /* LaunchScreen.storyboard in Resources */,
				BC1E91532129436700C1A482 /* Assets.xcassets in Resources */,
				BC1E91512129435B00C1A482 /* Main.storyboard in Resources */,
			);
			runOnlyForDeploymentPostprocessing = 0;
		};
/* End PBXResourcesBuildPhase section */

/* Begin PBXShellScriptBuildPhase section */
		322FF77506D9DF9EC8C4DAE5 /* [CP] Check Pods Manifest.lock */ = {
			isa = PBXShellScriptBuildPhase;
			buildActionMask = 2147483647;
			files = (
			);
			inputPaths = (
				"${PODS_PODFILE_DIR_PATH}/Podfile.lock",
				"${PODS_ROOT}/Manifest.lock",
			);
			name = "[CP] Check Pods Manifest.lock";
			outputPaths = (
				"$(DERIVED_FILE_DIR)/Pods-taipeiCulture-checkManifestLockResult.txt",
			);
			runOnlyForDeploymentPostprocessing = 0;
			shellPath = /bin/sh;
			shellScript = "diff \"${PODS_PODFILE_DIR_PATH}/Podfile.lock\" \"${PODS_ROOT}/Manifest.lock\" > /dev/null\nif [ $? != 0 ] ; then\n    # print error to STDERR\n    echo \"error: The sandbox is not in sync with the Podfile.lock. Run 'pod install' or update your CocoaPods installation.\" >&2\n    exit 1\nfi\n# This output is used by Xcode 'outputs' to avoid re-running this script phase.\necho \"SUCCESS\" > \"${SCRIPT_OUTPUT_FILE_0}\"\n";
			showEnvVarsInLog = 0;
		};
		FC91A3563EB59CBE64AB8B71 /* [CP] Embed Pods Frameworks */ = {
			isa = PBXShellScriptBuildPhase;
			buildActionMask = 2147483647;
			files = (
			);
			inputPaths = (
				"${SRCROOT}/Pods/Target Support Files/Pods-taipeiCulture/Pods-taipeiCulture-frameworks.sh",
				"${BUILT_PRODUCTS_DIR}/SDWebImage/SDWebImage.framework",
			);
			name = "[CP] Embed Pods Frameworks";
			outputPaths = (
				"${TARGET_BUILD_DIR}/${FRAMEWORKS_FOLDER_PATH}/SDWebImage.framework",
			);
			runOnlyForDeploymentPostprocessing = 0;
			shellPath = /bin/sh;
			shellScript = "\"${SRCROOT}/Pods/Target Support Files/Pods-taipeiCulture/Pods-taipeiCulture-frameworks.sh\"\n";
			showEnvVarsInLog = 0;
		};
/* End PBXShellScriptBuildPhase section */

/* Begin PBXSourcesBuildPhase section */
		BC1E91442129435B00C1A482 /* Sources */ = {
			isa = PBXSourcesBuildPhase;
			buildActionMask = 2147483647;
			files = (
				BC7A0271212C475F00378E12 /* SpotViewController.swift in Sources */,
				BC983D74212BE7A5008C861B /* SpotTableViewCell.swift in Sources */,
				BCD73904212BCFC900FDA8D9 /* Park.swift in Sources */,
				BC1E915E212944AA00C1A482 /* TaipeiCultureTableViewController.swift in Sources */,
				BC1E91602129518B00C1A482 /* Culture.swift in Sources */,
				BC1E914C2129435B00C1A482 /* AppDelegate.swift in Sources */,
				BC983D72212BE453008C861B /* TaipeiSpotsTableViewController.swift in Sources */,
				BC1E91622129CBC500C1A482 /* DetailViewController.swift in Sources */,
			);
			runOnlyForDeploymentPostprocessing = 0;
		};
/* End PBXSourcesBuildPhase section */

/* Begin PBXVariantGroup section */
		BC1E914F2129435B00C1A482 /* Main.storyboard */ = {
			isa = PBXVariantGroup;
			children = (
				BC1E91502129435B00C1A482 /* Base */,
			);
			name = Main.storyboard;
			sourceTree = "<group>";
		};
		BC1E91542129436700C1A482 /* LaunchScreen.storyboard */ = {
			isa = PBXVariantGroup;
			children = (
				BC1E91552129436700C1A482 /* Base */,
			);
			name = LaunchScreen.storyboard;
			sourceTree = "<group>";
		};
/* End PBXVariantGroup section */

/* Begin XCBuildConfiguration section */
		BC1E91582129436700C1A482 /* Debug */ = {
			isa = XCBuildConfiguration;
			buildSettings = {
				ALWAYS_SEARCH_USER_PATHS = NO;
				CLANG_ANALYZER_NONNULL = YES;
				CLANG_ANALYZER_NUMBER_OBJECT_CONVERSION = YES_AGGRESSIVE;
				CLANG_CXX_LANGUAGE_STANDARD = "gnu++14";
				CLANG_CXX_LIBRARY = "libc++";
				CLANG_ENABLE_MODULES = YES;
				CLANG_ENABLE_OBJC_ARC = YES;
				CLANG_ENABLE_OBJC_WEAK = YES;
				CLANG_WARN_BLOCK_CAPTURE_AUTORELEASING = YES;
				CLANG_WARN_BOOL_CONVERSION = YES;
				CLANG_WARN_COMMA = YES;
				CLANG_WARN_CONSTANT_CONVERSION = YES;
				CLANG_WARN_DEPRECATED_OBJC_IMPLEMENTATIONS = YES;
				CLANG_WARN_DIRECT_OBJC_ISA_USAGE = YES_ERROR;
				CLANG_WARN_DOCUMENTATION_COMMENTS = YES;
				CLANG_WARN_EMPTY_BODY = YES;
				CLANG_WARN_ENUM_CONVERSION = YES;
				CLANG_WARN_INFINITE_RECURSION = YES;
				CLANG_WARN_INT_CONVERSION = YES;
				CLANG_WARN_NON_LITERAL_NULL_CONVERSION = YES;
				CLANG_WARN_OBJC_IMPLICIT_RETAIN_SELF = YES;
				CLANG_WARN_OBJC_LITERAL_CONVERSION = YES;
				CLANG_WARN_OBJC_ROOT_CLASS = YES_ERROR;
				CLANG_WARN_RANGE_LOOP_ANALYSIS = YES;
				CLANG_WARN_STRICT_PROTOTYPES = YES;
				CLANG_WARN_SUSPICIOUS_MOVE = YES;
				CLANG_WARN_UNGUARDED_AVAILABILITY = YES_AGGRESSIVE;
				CLANG_WARN_UNREACHABLE_CODE = YES;
				CLANG_WARN__DUPLICATE_METHOD_MATCH = YES;
				CODE_SIGN_IDENTITY = "iPhone Developer";
				COPY_PHASE_STRIP = NO;
				DEBUG_INFORMATION_FORMAT = dwarf;
				ENABLE_STRICT_OBJC_MSGSEND = YES;
				ENABLE_TESTABILITY = YES;
				GCC_C_LANGUAGE_STANDARD = gnu11;
				GCC_DYNAMIC_NO_PIC = NO;
				GCC_NO_COMMON_BLOCKS = YES;
				GCC_OPTIMIZATION_LEVEL = 0;
				GCC_PREPROCESSOR_DEFINITIONS = (
					"DEBUG=1",
					"$(inherited)",
				);
				GCC_WARN_64_TO_32_BIT_CONVERSION = YES;
				GCC_WARN_ABOUT_RETURN_TYPE = YES_ERROR;
				GCC_WARN_UNDECLARED_SELECTOR = YES;
				GCC_WARN_UNINITIALIZED_AUTOS = YES_AGGRESSIVE;
				GCC_WARN_UNUSED_FUNCTION = YES;
				GCC_WARN_UNUSED_VARIABLE = YES;
				IPHONEOS_DEPLOYMENT_TARGET = 12.0;
				MTL_ENABLE_DEBUG_INFO = INCLUDE_SOURCE;
				MTL_FAST_MATH = YES;
				ONLY_ACTIVE_ARCH = YES;
				SDKROOT = iphoneos;
				SWIFT_ACTIVE_COMPILATION_CONDITIONS = DEBUG;
				SWIFT_OPTIMIZATION_LEVEL = "-Onone";
			};
			name = Debug;
		};
		BC1E91592129436700C1A482 /* Release */ = {
			isa = XCBuildConfiguration;
			buildSettings = {
				ALWAYS_SEARCH_USER_PATHS = NO;
				CLANG_ANALYZER_NONNULL = YES;
				CLANG_ANALYZER_NUMBER_OBJECT_CONVERSION = YES_AGGRESSIVE;
				CLANG_CXX_LANGUAGE_STANDARD = "gnu++14";
				CLANG_CXX_LIBRARY = "libc++";
				CLANG_ENABLE_MODULES = YES;
				CLANG_ENABLE_OBJC_ARC = YES;
				CLANG_ENABLE_OBJC_WEAK = YES;
				CLANG_WARN_BLOCK_CAPTURE_AUTORELEASING = YES;
				CLANG_WARN_BOOL_CONVERSION = YES;
				CLANG_WARN_COMMA = YES;
				CLANG_WARN_CONSTANT_CONVERSION = YES;
				CLANG_WARN_DEPRECATED_OBJC_IMPLEMENTATIONS = YES;
				CLANG_WARN_DIRECT_OBJC_ISA_USAGE = YES_ERROR;
				CLANG_WARN_DOCUMENTATION_COMMENTS = YES;
				CLANG_WARN_EMPTY_BODY = YES;
				CLANG_WARN_ENUM_CONVERSION = YES;
				CLANG_WARN_INFINITE_RECURSION = YES;
				CLANG_WARN_INT_CONVERSION = YES;
				CLANG_WARN_NON_LITERAL_NULL_CONVERSION = YES;
				CLANG_WARN_OBJC_IMPLICIT_RETAIN_SELF = YES;
				CLANG_WARN_OBJC_LITERAL_CONVERSION = YES;
				CLANG_WARN_OBJC_ROOT_CLASS = YES_ERROR;
				CLANG_WARN_RANGE_LOOP_ANALYSIS = YES;
				CLANG_WARN_STRICT_PROTOTYPES = YES;
				CLANG_WARN_SUSPICIOUS_MOVE = YES;
				CLANG_WARN_UNGUARDED_AVAILABILITY = YES_AGGRESSIVE;
				CLANG_WARN_UNREACHABLE_CODE = YES;
				CLANG_WARN__DUPLICATE_METHOD_MATCH = YES;
				CODE_SIGN_IDENTITY = "iPhone Developer";
				COPY_PHASE_STRIP = NO;
				DEBUG_INFORMATION_FORMAT = "dwarf-with-dsym";
				ENABLE_NS_ASSERTIONS = NO;
				ENABLE_STRICT_OBJC_MSGSEND = YES;
				GCC_C_LANGUAGE_STANDARD = gnu11;
				GCC_NO_COMMON_BLOCKS = YES;
				GCC_WARN_64_TO_32_BIT_CONVERSION = YES;
				GCC_WARN_ABOUT_RETURN_TYPE = YES_ERROR;
				GCC_WARN_UNDECLARED_SELECTOR = YES;
				GCC_WARN_UNINITIALIZED_AUTOS = YES_AGGRESSIVE;
				GCC_WARN_UNUSED_FUNCTION = YES;
				GCC_WARN_UNUSED_VARIABLE = YES;
				IPHONEOS_DEPLOYMENT_TARGET = 12.0;
				MTL_ENABLE_DEBUG_INFO = NO;
				MTL_FAST_MATH = YES;
				SDKROOT = iphoneos;
				SWIFT_COMPILATION_MODE = wholemodule;
				SWIFT_OPTIMIZATION_LEVEL = "-O";
				VALIDATE_PRODUCT = YES;
			};
			name = Release;
		};
		BC1E915B2129436700C1A482 /* Debug */ = {
			isa = XCBuildConfiguration;
			baseConfigurationReference = A1002D3FEA00B47DFD41FBD6 /* Pods-taipeiCulture.debug.xcconfig */;
			buildSettings = {
				ASSETCATALOG_COMPILER_APPICON_NAME = AppIcon;
				CODE_SIGN_STYLE = Automatic;
				INFOPLIST_FILE = taipeiCulture/Info.plist;
				LD_RUNPATH_SEARCH_PATHS = (
					"$(inherited)",
					"@executable_path/Frameworks",
				);
				PRODUCT_BUNDLE_IDENTIFIER = com.junchoon.taipeiCulture;
				PRODUCT_NAME = "$(TARGET_NAME)";
				SWIFT_VERSION = 4.2;
				TARGETED_DEVICE_FAMILY = "1,2";
			};
			name = Debug;
		};
		BC1E915C2129436700C1A482 /* Release */ = {
			isa = XCBuildConfiguration;
			baseConfigurationReference = 6590C01D336E50A552526A16 /* Pods-taipeiCulture.release.xcconfig */;
			buildSettings = {
				ASSETCATALOG_COMPILER_APPICON_NAME = AppIcon;
				CODE_SIGN_STYLE = Automatic;
				INFOPLIST_FILE = taipeiCulture/Info.plist;
				LD_RUNPATH_SEARCH_PATHS = (
					"$(inherited)",
					"@executable_path/Frameworks",
				);
				PRODUCT_BUNDLE_IDENTIFIER = com.junchoon.taipeiCulture;
				PRODUCT_NAME = "$(TARGET_NAME)";
				SWIFT_VERSION = 4.2;
				TARGETED_DEVICE_FAMILY = "1,2";
			};
			name = Release;
		};
/* End XCBuildConfiguration section */

/* Begin XCConfigurationList section */
		BC1E91432129435B00C1A482 /* Build configuration list for PBXProject "taipeiCulture" */ = {
			isa = XCConfigurationList;
			buildConfigurations = (
				BC1E91582129436700C1A482 /* Debug */,
				BC1E91592129436700C1A482 /* Release */,
			);
			defaultConfigurationIsVisible = 0;
			defaultConfigurationName = Release;
		};
		BC1E915A2129436700C1A482 /* Build configuration list for PBXNativeTarget "taipeiCulture" */ = {
			isa = XCConfigurationList;
			buildConfigurations = (
				BC1E915B2129436700C1A482 /* Debug */,
				BC1E915C2129436700C1A482 /* Release */,
			);
			defaultConfigurationIsVisible = 0;
			defaultConfigurationName = Release;
		};
/* End XCConfigurationList section */
	};
	rootObject = BC1E91402129435B00C1A482 /* Project object */;
}
